// !$*UTF8*$!
{
	archiveVersion = 1;
	classes = {
	};
	objectVersion = 50;
	objects = {

/* Begin PBXBuildFile section */
		495501BB21A3E7D60073C533 /* RepositoryModelFacade.swift in Sources */ = {isa = PBXBuildFile; fileRef = 495501BA21A3E7D60073C533 /* RepositoryModelFacade.swift */; };
		495501BE21A412640073C533 /* RepositoryModels.swift in Sources */ = {isa = PBXBuildFile; fileRef = 499208F821A36DFB009D40EB /* RepositoryModels.swift */; };
		495501C021A413110073C533 /* ListBuilderProtocol.swift in Sources */ = {isa = PBXBuildFile; fileRef = 495501BF21A413110073C533 /* ListBuilderProtocol.swift */; };
		495501C221A418EB0073C533 /* DataPersistLayer.swift in Sources */ = {isa = PBXBuildFile; fileRef = 495501C121A418EB0073C533 /* DataPersistLayer.swift */; };
		499208C921A35352009D40EB /* AppDelegate.swift in Sources */ = {isa = PBXBuildFile; fileRef = 499208C821A35352009D40EB /* AppDelegate.swift */; };
		499208D021A35353009D40EB /* Assets.xcassets in Resources */ = {isa = PBXBuildFile; fileRef = 499208CF21A35353009D40EB /* Assets.xcassets */; };
		499208DE21A35353009D40EB /* RepoAgeTests.swift in Sources */ = {isa = PBXBuildFile; fileRef = 499208DD21A35353009D40EB /* RepoAgeTests.swift */; };
		499208E921A353AA009D40EB /* Checklist.rtf in Resources */ = {isa = PBXBuildFile; fileRef = 499208E821A353AA009D40EB /* Checklist.rtf */; };
		499208EC21A363B2009D40EB /* MainView.swift in Sources */ = {isa = PBXBuildFile; fileRef = 499208EA21A363B2009D40EB /* MainView.swift */; };
		499208ED21A363B2009D40EB /* MainView.xib in Resources */ = {isa = PBXBuildFile; fileRef = 499208EB21A363B2009D40EB /* MainView.xib */; };
		499208EF21A36558009D40EB /* Comms.swift in Sources */ = {isa = PBXBuildFile; fileRef = 499208EE21A36558009D40EB /* Comms.swift */; };
		499208F221A36738009D40EB /* CommsDelegate.swift in Sources */ = {isa = PBXBuildFile; fileRef = 499208F121A36738009D40EB /* CommsDelegate.swift */; };
		499208F721A36C81009D40EB /* ListBuilder.swift in Sources */ = {isa = PBXBuildFile; fileRef = 499208F621A36C81009D40EB /* ListBuilder.swift */; };
		499208F921A36DFB009D40EB /* RepositoryModels.swift in Sources */ = {isa = PBXBuildFile; fileRef = 499208F821A36DFB009D40EB /* RepositoryModels.swift */; };
		49AB4FDF21A3CDAF00DE5179 /* RepositoryTableViewCell.swift in Sources */ = {isa = PBXBuildFile; fileRef = 49AB4FDD21A3CDAF00DE5179 /* RepositoryTableViewCell.swift */; };
		49AB4FE021A3CDAF00DE5179 /* RepositoryTableViewCell.xib in Resources */ = {isa = PBXBuildFile; fileRef = 49AB4FDE21A3CDAF00DE5179 /* RepositoryTableViewCell.xib */; };
/* End PBXBuildFile section */

/* Begin PBXContainerItemProxy section */
		499208DA21A35353009D40EB /* PBXContainerItemProxy */ = {
			isa = PBXContainerItemProxy;
			containerPortal = 499208BD21A35352009D40EB /* Project object */;
			proxyType = 1;
			remoteGlobalIDString = 499208C421A35352009D40EB;
			remoteInfo = YouFoodzTest;
		};
/* End PBXContainerItemProxy section */

/* Begin PBXFileReference section */
		495501BA21A3E7D60073C533 /* RepositoryModelFacade.swift */ = {isa = PBXFileReference; lastKnownFileType = sourcecode.swift; path = RepositoryModelFacade.swift; sourceTree = "<group>"; };
		495501BF21A413110073C533 /* ListBuilderProtocol.swift */ = {isa = PBXFileReference; lastKnownFileType = sourcecode.swift; path = ListBuilderProtocol.swift; sourceTree = "<group>"; };
		495501C121A418EB0073C533 /* DataPersistLayer.swift */ = {isa = PBXFileReference; lastKnownFileType = sourcecode.swift; path = DataPersistLayer.swift; sourceTree = "<group>"; };
		499208C521A35352009D40EB /* YouFoodzTest.app */ = {isa = PBXFileReference; explicitFileType = wrapper.application; includeInIndex = 0; path = YouFoodzTest.app; sourceTree = BUILT_PRODUCTS_DIR; };
		499208C821A35352009D40EB /* AppDelegate.swift */ = {isa = PBXFileReference; lastKnownFileType = sourcecode.swift; path = AppDelegate.swift; sourceTree = "<group>"; };
		499208CF21A35353009D40EB /* Assets.xcassets */ = {isa = PBXFileReference; lastKnownFileType = folder.assetcatalog; path = Assets.xcassets; sourceTree = "<group>"; };
		499208D421A35353009D40EB /* Info.plist */ = {isa = PBXFileReference; lastKnownFileType = text.plist.xml; path = Info.plist; sourceTree = "<group>"; };
		499208D921A35353009D40EB /* YouFoodzTestTests.xctest */ = {isa = PBXFileReference; explicitFileType = wrapper.cfbundle; includeInIndex = 0; path = YouFoodzTestTests.xctest; sourceTree = BUILT_PRODUCTS_DIR; };
		499208DD21A35353009D40EB /* RepoAgeTests.swift */ = {isa = PBXFileReference; lastKnownFileType = sourcecode.swift; path = RepoAgeTests.swift; sourceTree = "<group>"; };
		499208DF21A35353009D40EB /* Info.plist */ = {isa = PBXFileReference; lastKnownFileType = text.plist.xml; path = Info.plist; sourceTree = "<group>"; };
		499208E821A353AA009D40EB /* Checklist.rtf */ = {isa = PBXFileReference; lastKnownFileType = text.rtf; path = Checklist.rtf; sourceTree = "<group>"; };
		499208EA21A363B2009D40EB /* MainView.swift */ = {isa = PBXFileReference; lastKnownFileType = sourcecode.swift; path = MainView.swift; sourceTree = "<group>"; };
		499208EB21A363B2009D40EB /* MainView.xib */ = {isa = PBXFileReference; lastKnownFileType = file.xib; path = MainView.xib; sourceTree = "<group>"; };
		499208EE21A36558009D40EB /* Comms.swift */ = {isa = PBXFileReference; lastKnownFileType = sourcecode.swift; path = Comms.swift; sourceTree = "<group>"; };
		499208F121A36738009D40EB /* CommsDelegate.swift */ = {isa = PBXFileReference; lastKnownFileType = sourcecode.swift; path = CommsDelegate.swift; sourceTree = "<group>"; };
		499208F621A36C81009D40EB /* ListBuilder.swift */ = {isa = PBXFileReference; lastKnownFileType = sourcecode.swift; path = ListBuilder.swift; sourceTree = "<group>"; };
		499208F821A36DFB009D40EB /* RepositoryModels.swift */ = {isa = PBXFileReference; lastKnownFileType = sourcecode.swift; path = RepositoryModels.swift; sourceTree = "<group>"; };
		49AB4FDD21A3CDAF00DE5179 /* RepositoryTableViewCell.swift */ = {isa = PBXFileReference; lastKnownFileType = sourcecode.swift; path = RepositoryTableViewCell.swift; sourceTree = "<group>"; };
		49AB4FDE21A3CDAF00DE5179 /* RepositoryTableViewCell.xib */ = {isa = PBXFileReference; lastKnownFileType = file.xib; path = RepositoryTableViewCell.xib; sourceTree = "<group>"; };
/* End PBXFileReference section */

/* Begin PBXFrameworksBuildPhase section */
		499208C221A35352009D40EB /* Frameworks */ = {
			isa = PBXFrameworksBuildPhase;
			buildActionMask = 2147483647;
			files = (
			);
			runOnlyForDeploymentPostprocessing = 0;
		};
		499208D621A35353009D40EB /* Frameworks */ = {
			isa = PBXFrameworksBuildPhase;
			buildActionMask = 2147483647;
			files = (
			);
			runOnlyForDeploymentPostprocessing = 0;
		};
/* End PBXFrameworksBuildPhase section */

/* Begin PBXGroup section */
		499208BC21A35352009D40EB = {
			isa = PBXGroup;
			children = (
				499208E821A353AA009D40EB /* Checklist.rtf */,
				499208C721A35352009D40EB /* YouFoodzTest */,
				499208DC21A35353009D40EB /* YouFoodzTestTests */,
				499208C621A35352009D40EB /* Products */,
			);
			sourceTree = "<group>";
		};
		499208C621A35352009D40EB /* Products */ = {
			isa = PBXGroup;
			children = (
				499208C521A35352009D40EB /* YouFoodzTest.app */,
				499208D921A35353009D40EB /* YouFoodzTestTests.xctest */,
			);
			name = Products;
			sourceTree = "<group>";
		};
		499208C721A35352009D40EB /* YouFoodzTest */ = {
			isa = PBXGroup;
			children = (
				49AB4FDC21A3C15100DE5179 /* Views */,
				499208F021A36562009D40EB /* Models */,
				499208C821A35352009D40EB /* AppDelegate.swift */,
				499208CF21A35353009D40EB /* Assets.xcassets */,
				499208D421A35353009D40EB /* Info.plist */,
				499208EA21A363B2009D40EB /* MainView.swift */,
				499208EB21A363B2009D40EB /* MainView.xib */,
			);
			path = YouFoodzTest;
			sourceTree = "<group>";
		};
		499208DC21A35353009D40EB /* YouFoodzTestTests */ = {
			isa = PBXGroup;
			children = (
				499208DD21A35353009D40EB /* RepoAgeTests.swift */,
				499208DF21A35353009D40EB /* Info.plist */,
			);
			path = YouFoodzTestTests;
			sourceTree = "<group>";
		};
		499208F021A36562009D40EB /* Models */ = {
			isa = PBXGroup;
			children = (
				499208EE21A36558009D40EB /* Comms.swift */,
				499208F121A36738009D40EB /* CommsDelegate.swift */,
				499208F621A36C81009D40EB /* ListBuilder.swift */,
				499208F821A36DFB009D40EB /* RepositoryModels.swift */,
				495501BA21A3E7D60073C533 /* RepositoryModelFacade.swift */,
				495501BF21A413110073C533 /* ListBuilderProtocol.swift */,
				495501C121A418EB0073C533 /* DataPersistLayer.swift */,
			);
			path = Models;
			sourceTree = "<group>";
		};
		49AB4FDC21A3C15100DE5179 /* Views */ = {
			isa = PBXGroup;
			children = (
				49AB4FDD21A3CDAF00DE5179 /* RepositoryTableViewCell.swift */,
				49AB4FDE21A3CDAF00DE5179 /* RepositoryTableViewCell.xib */,
			);
			name = Views;
			path = "New Group";
			sourceTree = "<group>";
		};
/* End PBXGroup section */

/* Begin PBXNativeTarget section */
		499208C421A35352009D40EB /* YouFoodzTest */ = {
			isa = PBXNativeTarget;
			buildConfigurationList = 499208E221A35353009D40EB /* Build configuration list for PBXNativeTarget "YouFoodzTest" */;
			buildPhases = (
				499208C121A35352009D40EB /* Sources */,
				499208C221A35352009D40EB /* Frameworks */,
				499208C321A35352009D40EB /* Resources */,
			);
			buildRules = (
			);
			dependencies = (
			);
			name = YouFoodzTest;
			productName = YouFoodzTest;
			productReference = 499208C521A35352009D40EB /* YouFoodzTest.app */;
			productType = "com.apple.product-type.application";
		};
		499208D821A35353009D40EB /* YouFoodzTestTests */ = {
			isa = PBXNativeTarget;
			buildConfigurationList = 499208E521A35353009D40EB /* Build configuration list for PBXNativeTarget "YouFoodzTestTests" */;
			buildPhases = (
				499208D521A35353009D40EB /* Sources */,
				499208D621A35353009D40EB /* Frameworks */,
				499208D721A35353009D40EB /* Resources */,
			);
			buildRules = (
			);
			dependencies = (
				499208DB21A35353009D40EB /* PBXTargetDependency */,
			);
			name = YouFoodzTestTests;
			productName = YouFoodzTestTests;
			productReference = 499208D921A35353009D40EB /* YouFoodzTestTests.xctest */;
			productType = "com.apple.product-type.bundle.unit-test";
		};
/* End PBXNativeTarget section */

/* Begin PBXProject section */
		499208BD21A35352009D40EB /* Project object */ = {
			isa = PBXProject;
			attributes = {
				LastSwiftUpdateCheck = 1010;
				LastUpgradeCheck = 1010;
				ORGANIZATIONNAME = "Andrew Napier";
				TargetAttributes = {
					499208C421A35352009D40EB = {
						CreatedOnToolsVersion = 10.1;
					};
					499208D821A35353009D40EB = {
						CreatedOnToolsVersion = 10.1;
						TestTargetID = 499208C421A35352009D40EB;
					};
				};
			};
			buildConfigurationList = 499208C021A35352009D40EB /* Build configuration list for PBXProject "YouFoodzTest" */;
			compatibilityVersion = "Xcode 9.3";
			developmentRegion = en;
			hasScannedForEncodings = 0;
			knownRegions = (
				en,
				Base,
			);
			mainGroup = 499208BC21A35352009D40EB;
			productRefGroup = 499208C621A35352009D40EB /* Products */;
			projectDirPath = "";
			projectRoot = "";
			targets = (
				499208C421A35352009D40EB /* YouFoodzTest */,
				499208D821A35353009D40EB /* YouFoodzTestTests */,
			);
		};
/* End PBXProject section */

/* Begin PBXResourcesBuildPhase section */
		499208C321A35352009D40EB /* Resources */ = {
			isa = PBXResourcesBuildPhase;
			buildActionMask = 2147483647;
			files = (
				499208E921A353AA009D40EB /* Checklist.rtf in Resources */,
				499208D021A35353009D40EB /* Assets.xcassets in Resources */,
				499208ED21A363B2009D40EB /* MainView.xib in Resources */,
				49AB4FE021A3CDAF00DE5179 /* RepositoryTableViewCell.xib in Resources */,
			);
			runOnlyForDeploymentPostprocessing = 0;
		};
		499208D721A35353009D40EB /* Resources */ = {
			isa = PBXResourcesBuildPhase;
			buildActionMask = 2147483647;
			files = (
			);
			runOnlyForDeploymentPostprocessing = 0;
		};
/* End PBXResourcesBuildPhase section */

/* Begin PBXSourcesBuildPhase section */
		499208C121A35352009D40EB /* Sources */ = {
			isa = PBXSourcesBuildPhase;
			buildActionMask = 2147483647;
			files = (
				495501C221A418EB0073C533 /* DataPersistLayer.swift in Sources */,
				499208F921A36DFB009D40EB /* RepositoryModels.swift in Sources */,
				495501BB21A3E7D60073C533 /* RepositoryModelFacade.swift in Sources */,
				499208EF21A36558009D40EB /* Comms.swift in Sources */,
				49AB4FDF21A3CDAF00DE5179 /* RepositoryTableViewCell.swift in Sources */,
				499208EC21A363B2009D40EB /* MainView.swift in Sources */,
				495501C021A413110073C533 /* ListBuilderProtocol.swift in Sources */,
				499208C921A35352009D40EB /* AppDelegate.swift in Sources */,
				499208F221A36738009D40EB /* CommsDelegate.swift in Sources */,
				499208F721A36C81009D40EB /* ListBuilder.swift in Sources */,
			);
			runOnlyForDeploymentPostprocessing = 0;
		};
		499208D521A35353009D40EB /* Sources */ = {
			isa = PBXSourcesBuildPhase;
			buildActionMask = 2147483647;
			files = (
				495501BE21A412640073C533 /* RepositoryModels.swift in Sources */,
				499208DE21A35353009D40EB /* RepoAgeTests.swift in Sources */,
			);
			runOnlyForDeploymentPostprocessing = 0;
		};
/* End PBXSourcesBuildPhase section */

/* Begin PBXTargetDependency section */
		499208DB21A35353009D40EB /* PBXTargetDependency */ = {
			isa = PBXTargetDependency;
			target = 499208C421A35352009D40EB /* YouFoodzTest */;
			targetProxy = 499208DA21A35353009D40EB /* PBXContainerItemProxy */;
		};
/* End PBXTargetDependency section */

/* Begin XCBuildConfiguration section */
		499208E021A35353009D40EB /* Debug */ = {
			isa = XCBuildConfiguration;
			buildSettings = {
				ALWAYS_SEARCH_USER_PATHS = NO;
				CLANG_ANALYZER_NONNULL = YES;
				CLANG_ANALYZER_NUMBER_OBJECT_CONVERSION = YES_AGGRESSIVE;
				CLANG_CXX_LANGUAGE_STANDARD = "gnu++14";
				CLANG_CXX_LIBRARY = "libc++";
				CLANG_ENABLE_MODULES = YES;
				CLANG_ENABLE_OBJC_ARC = YES;
				CLANG_ENABLE_OBJC_WEAK = YES;
				CLANG_WARN_BLOCK_CAPTURE_AUTORELEASING = YES;
				CLANG_WARN_BOOL_CONVERSION = YES;
				CLANG_WARN_COMMA = YES;
				CLANG_WARN_CONSTANT_CONVERSION = YES;
				CLANG_WARN_DEPRECATED_OBJC_IMPLEMENTATIONS = YES;
				CLANG_WARN_DIRECT_OBJC_ISA_USAGE = YES_ERROR;
				CLANG_WARN_DOCUMENTATION_COMMENTS = YES;
				CLANG_WARN_EMPTY_BODY = YES;
				CLANG_WARN_ENUM_CONVERSION = YES;
				CLANG_WARN_INFINITE_RECURSION = YES;
				CLANG_WARN_INT_CONVERSION = YES;
				CLANG_WARN_NON_LITERAL_NULL_CONVERSION = YES;
				CLANG_WARN_OBJC_IMPLICIT_RETAIN_SELF = YES;
				CLANG_WARN_OBJC_LITERAL_CONVERSION = YES;
				CLANG_WARN_OBJC_ROOT_CLASS = YES_ERROR;
				CLANG_WARN_RANGE_LOOP_ANALYSIS = YES;
				CLANG_WARN_STRICT_PROTOTYPES = YES;
				CLANG_WARN_SUSPICIOUS_MOVE = YES;
				CLANG_WARN_UNGUARDED_AVAILABILITY = YES_AGGRESSIVE;
				CLANG_WARN_UNREACHABLE_CODE = YES;
				CLANG_WARN__DUPLICATE_METHOD_MATCH = YES;
				CODE_SIGN_IDENTITY = "iPhone Developer";
				COPY_PHASE_STRIP = NO;
				DEBUG_INFORMATION_FORMAT = dwarf;
				ENABLE_STRICT_OBJC_MSGSEND = YES;
				ENABLE_TESTABILITY = YES;
				GCC_C_LANGUAGE_STANDARD = gnu11;
				GCC_DYNAMIC_NO_PIC = NO;
				GCC_NO_COMMON_BLOCKS = YES;
				GCC_OPTIMIZATION_LEVEL = 0;
				GCC_PREPROCESSOR_DEFINITIONS = (
					"DEBUG=1",
					"$(inherited)",
				);
				GCC_WARN_64_TO_32_BIT_CONVERSION = YES;
				GCC_WARN_ABOUT_RETURN_TYPE = YES_ERROR;
				GCC_WARN_UNDECLARED_SELECTOR = YES;
				GCC_WARN_UNINITIALIZED_AUTOS = YES_AGGRESSIVE;
				GCC_WARN_UNUSED_FUNCTION = YES;
				GCC_WARN_UNUSED_VARIABLE = YES;
				IPHONEOS_DEPLOYMENT_TARGET = 12.1;
				MTL_ENABLE_DEBUG_INFO = INCLUDE_SOURCE;
				MTL_FAST_MATH = YES;
				ONLY_ACTIVE_ARCH = YES;
				SDKROOT = iphoneos;
				SWIFT_ACTIVE_COMPILATION_CONDITIONS = DEBUG;
				SWIFT_OPTIMIZATION_LEVEL = "-Onone";
			};
			name = Debug;
		};
		499208E121A35353009D40EB /* Release */ = {
			isa = XCBuildConfiguration;
			buildSettings = {
				ALWAYS_SEARCH_USER_PATHS = NO;
				CLANG_ANALYZER_NONNULL = YES;
				CLANG_ANALYZER_NUMBER_OBJECT_CONVERSION = YES_AGGRESSIVE;
				CLANG_CXX_LANGUAGE_STANDARD = "gnu++14";
				CLANG_CXX_LIBRARY = "libc++";
				CLANG_ENABLE_MODULES = YES;
				CLANG_ENABLE_OBJC_ARC = YES;
				CLANG_ENABLE_OBJC_WEAK = YES;
				CLANG_WARN_BLOCK_CAPTURE_AUTORELEASING = YES;
				CLANG_WARN_BOOL_CONVERSION = YES;
				CLANG_WARN_COMMA = YES;
				CLANG_WARN_CONSTANT_CONVERSION = YES;
				CLANG_WARN_DEPRECATED_OBJC_IMPLEMENTATIONS = YES;
				CLANG_WARN_DIRECT_OBJC_ISA_USAGE = YES_ERROR;
				CLANG_WARN_DOCUMENTATION_COMMENTS = YES;
				CLANG_WARN_EMPTY_BODY = YES;
				CLANG_WARN_ENUM_CONVERSION = YES;
				CLANG_WARN_INFINITE_RECURSION = YES;
				CLANG_WARN_INT_CONVERSION = YES;
				CLANG_WARN_NON_LITERAL_NULL_CONVERSION = YES;
				CLANG_WARN_OBJC_IMPLICIT_RETAIN_SELF = YES;
				CLANG_WARN_OBJC_LITERAL_CONVERSION = YES;
				CLANG_WARN_OBJC_ROOT_CLASS = YES_ERROR;
				CLANG_WARN_RANGE_LOOP_ANALYSIS = YES;
				CLANG_WARN_STRICT_PROTOTYPES = YES;
				CLANG_WARN_SUSPICIOUS_MOVE = YES;
				CLANG_WARN_UNGUARDED_AVAILABILITY = YES_AGGRESSIVE;
				CLANG_WARN_UNREACHABLE_CODE = YES;
				CLANG_WARN__DUPLICATE_METHOD_MATCH = YES;
				CODE_SIGN_IDENTITY = "iPhone Developer";
				COPY_PHASE_STRIP = NO;
				DEBUG_INFORMATION_FORMAT = "dwarf-with-dsym";
				ENABLE_NS_ASSERTIONS = NO;
				ENABLE_STRICT_OBJC_MSGSEND = YES;
				GCC_C_LANGUAGE_STANDARD = gnu11;
				GCC_NO_COMMON_BLOCKS = YES;
				GCC_WARN_64_TO_32_BIT_CONVERSION = YES;
				GCC_WARN_ABOUT_RETURN_TYPE = YES_ERROR;
				GCC_WARN_UNDECLARED_SELECTOR = YES;
				GCC_WARN_UNINITIALIZED_AUTOS = YES_AGGRESSIVE;
				GCC_WARN_UNUSED_FUNCTION = YES;
				GCC_WARN_UNUSED_VARIABLE = YES;
				IPHONEOS_DEPLOYMENT_TARGET = 12.1;
				MTL_ENABLE_DEBUG_INFO = NO;
				MTL_FAST_MATH = YES;
				SDKROOT = iphoneos;
				SWIFT_COMPILATION_MODE = wholemodule;
				SWIFT_OPTIMIZATION_LEVEL = "-O";
				VALIDATE_PRODUCT = YES;
			};
			name = Release;
		};
		499208E321A35353009D40EB /* Debug */ = {
			isa = XCBuildConfiguration;
			buildSettings = {
				ASSETCATALOG_COMPILER_APPICON_NAME = AppIcon;
				CODE_SIGN_STYLE = Automatic;
				DEVELOPMENT_TEAM = 53DZJ85MNU;
				INFOPLIST_FILE = YouFoodzTest/Info.plist;
				IPHONEOS_DEPLOYMENT_TARGET = 11.4;
				LD_RUNPATH_SEARCH_PATHS = (
					"$(inherited)",
					"@executable_path/Frameworks",
				);
				PRODUCT_BUNDLE_IDENTIFIER = com.rolypolycat.YouFoodzTest;
				PRODUCT_NAME = "$(TARGET_NAME)";
				SWIFT_VERSION = 4.2;
				TARGETED_DEVICE_FAMILY = "1,2";
			};
			name = Debug;
		};
		499208E421A35353009D40EB /* Release */ = {
			isa = XCBuildConfiguration;
			buildSettings = {
				ASSETCATALOG_COMPILER_APPICON_NAME = AppIcon;
				CODE_SIGN_STYLE = Automatic;
				DEVELOPMENT_TEAM = 53DZJ85MNU;
				INFOPLIST_FILE = YouFoodzTest/Info.plist;
				IPHONEOS_DEPLOYMENT_TARGET = 11.4;
				LD_RUNPATH_SEARCH_PATHS = (
					"$(inherited)",
					"@executable_path/Frameworks",
				);
				PRODUCT_BUNDLE_IDENTIFIER = com.rolypolycat.YouFoodzTest;
				PRODUCT_NAME = "$(TARGET_NAME)";
				SWIFT_VERSION = 4.2;
				TARGETED_DEVICE_FAMILY = "1,2";
			};
			name = Release;
		};
		499208E621A35353009D40EB /* Debug */ = {
			isa = XCBuildConfiguration;
			buildSettings = {
				ALWAYS_EMBED_SWIFT_STANDARD_LIBRARIES = YES;
				BUNDLE_LOADER = "$(TEST_HOST)";
				CODE_SIGN_STYLE = Automatic;
				DEVELOPMENT_TEAM = 53DZJ85MNU;
				INFOPLIST_FILE = YouFoodzTestTests/Info.plist;
				LD_RUNPATH_SEARCH_PATHS = (
					"$(inherited)",
					"@executable_path/Frameworks",
					"@loader_path/Frameworks",
				);
				PRODUCT_BUNDLE_IDENTIFIER = com.rolypolycat.YouFoodzTestTests;
				PRODUCT_NAME = "$(TARGET_NAME)";
				SWIFT_VERSION = 4.2;
				TARGETED_DEVICE_FAMILY = "1,2";
				TEST_HOST = "$(BUILT_PRODUCTS_DIR)/YouFoodzTest.app/YouFoodzTest";
			};
			name = Debug;
		};
		499208E721A35353009D40EB /* Release */ = {
			isa = XCBuildConfiguration;
			buildSettings = {
				ALWAYS_EMBED_SWIFT_STANDARD_LIBRARIES = YES;
				BUNDLE_LOADER = "$(TEST_HOST)";
				CODE_SIGN_STYLE = Automatic;
				DEVELOPMENT_TEAM = 53DZJ85MNU;
				INFOPLIST_FILE = YouFoodzTestTests/Info.plist;
				LD_RUNPATH_SEARCH_PATHS = (
					"$(inherited)",
					"@executable_path/Frameworks",
					"@loader_path/Frameworks",
				);
				PRODUCT_BUNDLE_IDENTIFIER = com.rolypolycat.YouFoodzTestTests;
				PRODUCT_NAME = "$(TARGET_NAME)";
				SWIFT_VERSION = 4.2;
				TARGETED_DEVICE_FAMILY = "1,2";
				TEST_HOST = "$(BUILT_PRODUCTS_DIR)/YouFoodzTest.app/YouFoodzTest";
			};
			name = Release;
		};
/* End XCBuildConfiguration section */

/* Begin XCConfigurationList section */
		499208C021A35352009D40EB /* Build configuration list for PBXProject "YouFoodzTest" */ = {
			isa = XCConfigurationList;
			buildConfigurations = (
				499208E021A35353009D40EB /* Debug */,
				499208E121A35353009D40EB /* Release */,
			);
			defaultConfigurationIsVisible = 0;
			defaultConfigurationName = Release;
		};
		499208E221A35353009D40EB /* Build configuration list for PBXNativeTarget "YouFoodzTest" */ = {
			isa = XCConfigurationList;
			buildConfigurations = (
				499208E321A35353009D40EB /* Debug */,
				499208E421A35353009D40EB /* Release */,
			);
			defaultConfigurationIsVisible = 0;
			defaultConfigurationName = Release;
		};
		499208E521A35353009D40EB /* Build configuration list for PBXNativeTarget "YouFoodzTestTests" */ = {
			isa = XCConfigurationList;
			buildConfigurations = (
				499208E621A35353009D40EB /* Debug */,
				499208E721A35353009D40EB /* Release */,
			);
			defaultConfigurationIsVisible = 0;
			defaultConfigurationName = Release;
		};
/* End XCConfigurationList section */
	};
	rootObject = 499208BD21A35352009D40EB /* Project object */;
}
